
Microsoft Visual Studio Solution File, Format Version 12.00
# Visual Studio Version 17
VisualStudioVersion = 17.5.33414.496
MinimumVisualStudioVersion = 10.0.40219.1
Project("{FAE04EC0-301F-11D3-BF4B-00C04F79EFBC}") = "LeQuocTrinh_2011063970", "LeQuocTrinh_2011063970\LeQuocTrinh_2011063970.csproj", "{FEF0760C-3AD0-4FA3-AE49-064C77F3E0B3}"
EndProject
Global
	GlobalSection(SolutionConfigurationPlatforms) = preSolution
		Debug|Any CPU = Debug|Any CPU
		Release|Any CPU = Release|Any CPU
	EndGlobalSection
	GlobalSection(ProjectConfigurationPlatforms) = postSolution
		{FEF0760C-3AD0-4FA3-AE49-064C77F3E0B3}.Debug|Any CPU.ActiveCfg = Debug|Any CPU
		{FEF0760C-3AD0-4FA3-AE49-064C77F3E0B3}.Debug|Any CPU.Build.0 = Debug|Any CPU
		{FEF0760C-3AD0-4FA3-AE49-064C77F3E0B3}.Release|Any CPU.ActiveCfg = Release|Any CPU
		{FEF0760C-3AD0-4FA3-AE49-064C77F3E0B3}.Release|Any CPU.Build.0 = Release|Any CPU
	EndGlobalSection
	GlobalSection(SolutionProperties) = preSolution
		HideSolutionNode = FALSE
	EndGlobalSection
	GlobalSection(ExtensibilityGlobals) = postSolution
		SolutionGuid = {1D24AB18-D0F6-4D03-BCF1-615E41DD0123}
	EndGlobalSection
EndGlobal
